
Microsoft Visual Studio Solution File, Format Version 11.00
# Visual Studio 2010
Project("{8BC9CEB8-8B4A-11D0-8D11-00A0C91BC942}") = "lab 1. Математический сопроцессор", "lab 1. Математический сопроцессор\lab 1. Математический сопроцессор.vcxproj", "{BBBDD85B-1D08-4CEC-9045-31B60626D1DB}"
EndProject
Global
	GlobalSection(SolutionConfigurationPlatforms) = preSolution
		Debug|Win32 = Debug|Win32
		Release|Win32 = Release|Win32
	EndGlobalSection
	GlobalSection(ProjectConfigurationPlatforms) = postSolution
		{BBBDD85B-1D08-4CEC-9045-31B60626D1DB}.Debug|Win32.ActiveCfg = Debug|Win32
		{BBBDD85B-1D08-4CEC-9045-31B60626D1DB}.Debug|Win32.Build.0 = Debug|Win32
		{BBBDD85B-1D08-4CEC-9045-31B60626D1DB}.Release|Win32.ActiveCfg = Release|Win32
		{BBBDD85B-1D08-4CEC-9045-31B60626D1DB}.Release|Win32.Build.0 = Release|Win32
	EndGlobalSection
	GlobalSection(SolutionProperties) = preSolution
		HideSolutionNode = FALSE
	EndGlobalSection
EndGlobal
